// !$*UTF8*$!
{
	archiveVersion = 1;
	classes = {
	};
	objectVersion = 56;
	objects = {

/* Begin PBXBuildFile section */
		3328F4EB2BC4302B00CEB04B /* G2048Manager.swift in Sources */ = {isa = PBXBuildFile; fileRef = 3328F4EA2BC4302B00CEB04B /* G2048Manager.swift */; };
		3346DB642BC026AF007F1A43 /* g2048App.swift in Sources */ = {isa = PBXBuildFile; fileRef = 3346DB632BC026AF007F1A43 /* g2048App.swift */; };
		3346DB682BC026B2007F1A43 /* Assets.xcassets in Resources */ = {isa = PBXBuildFile; fileRef = 3346DB672BC026B2007F1A43 /* Assets.xcassets */; };
		3346DB6D2BC026B2007F1A43 /* RecordPersistence.swift in Sources */ = {isa = PBXBuildFile; fileRef = 3346DB6C2BC026B2007F1A43 /* RecordPersistence.swift */; };
		3346DB702BC026B2007F1A43 /* g2048.xcdatamodeld in Sources */ = {isa = PBXBuildFile; fileRef = 3346DB6E2BC026B2007F1A43 /* g2048.xcdatamodeld */; };
		3346DB7A2BC026B3007F1A43 /* G2048ManagerTests.swift in Sources */ = {isa = PBXBuildFile; fileRef = 3346DB792BC026B3007F1A43 /* G2048ManagerTests.swift */; };
		3346DB842BC026B3007F1A43 /* MainMenuUITests.swift in Sources */ = {isa = PBXBuildFile; fileRef = 3346DB832BC026B3007F1A43 /* MainMenuUITests.swift */; };
		3346DB932BC0284C007F1A43 /* MenuView.swift in Sources */ = {isa = PBXBuildFile; fileRef = 3346DB922BC0284C007F1A43 /* MenuView.swift */; };
		3346DB952BC02C2F007F1A43 /* GameViewModel.swift in Sources */ = {isa = PBXBuildFile; fileRef = 3346DB942BC02C2F007F1A43 /* GameViewModel.swift */; };
		3346DB972BC02C69007F1A43 /* BoardGameManager.swift in Sources */ = {isa = PBXBuildFile; fileRef = 3346DB962BC02C69007F1A43 /* BoardGameManager.swift */; };
		3365CE582BC150C600B8F226 /* CellView.swift in Sources */ = {isa = PBXBuildFile; fileRef = 3365CE572BC150C600B8F226 /* CellView.swift */; };
		3365CE5A2BC15ECB00B8F226 /* BoardView.swift in Sources */ = {isa = PBXBuildFile; fileRef = 3365CE592BC15ECB00B8F226 /* BoardView.swift */; };
		3368F8102BC59EC60066C0BF /* RecordView.swift in Sources */ = {isa = PBXBuildFile; fileRef = 3368F80F2BC59EC60066C0BF /* RecordView.swift */; };
		3368F8122BC5A5740066C0BF /* AppScene.swift in Sources */ = {isa = PBXBuildFile; fileRef = 3368F8112BC5A5740066C0BF /* AppScene.swift */; };
		3368F81B2BC6BCDA0066C0BF /* GameUITests.swift in Sources */ = {isa = PBXBuildFile; fileRef = 3368F81A2BC6BCDA0066C0BF /* GameUITests.swift */; };
		33B273B52BC16D6F00984562 /* IntPair.swift in Sources */ = {isa = PBXBuildFile; fileRef = 33B273B42BC16D6F00984562 /* IntPair.swift */; };
		33BB3A522BC0AE9100AED826 /* .swiftlint.yml in Resources */ = {isa = PBXBuildFile; fileRef = 33BB3A512BC0AE9100AED826 /* .swiftlint.yml */; };
		33BB3A542BC0AEE100AED826 /* README.MD in Resources */ = {isa = PBXBuildFile; fileRef = 33BB3A532BC0AEE100AED826 /* README.MD */; };
		33BB3A562BC0AF0B00AED826 /* LICENSE in Resources */ = {isa = PBXBuildFile; fileRef = 33BB3A552BC0AF0B00AED826 /* LICENSE */; };
		33CF2EB02BC4B2350013F0C8 /* SwipeViewModifier.swift in Sources */ = {isa = PBXBuildFile; fileRef = 33CF2EAF2BC4B2350013F0C8 /* SwipeViewModifier.swift */; };
/* End PBXBuildFile section */

/* Begin PBXContainerItemProxy section */
		3346DB762BC026B3007F1A43 /* PBXContainerItemProxy */ = {
			isa = PBXContainerItemProxy;
			containerPortal = 3346DB582BC026AF007F1A43 /* Project object */;
			proxyType = 1;
			remoteGlobalIDString = 3346DB5F2BC026AF007F1A43;
			remoteInfo = g2048;
		};
		3346DB802BC026B3007F1A43 /* PBXContainerItemProxy */ = {
			isa = PBXContainerItemProxy;
			containerPortal = 3346DB582BC026AF007F1A43 /* Project object */;
			proxyType = 1;
			remoteGlobalIDString = 3346DB5F2BC026AF007F1A43;
			remoteInfo = g2048;
		};
/* End PBXContainerItemProxy section */

/* Begin PBXFileReference section */
		3328F4EA2BC4302B00CEB04B /* G2048Manager.swift */ = {isa = PBXFileReference; lastKnownFileType = sourcecode.swift; path = G2048Manager.swift; sourceTree = "<group>"; };
		3346DB602BC026AF007F1A43 /* g2048.app */ = {isa = PBXFileReference; explicitFileType = wrapper.application; includeInIndex = 0; path = g2048.app; sourceTree = BUILT_PRODUCTS_DIR; };
		3346DB632BC026AF007F1A43 /* g2048App.swift */ = {isa = PBXFileReference; lastKnownFileType = sourcecode.swift; path = g2048App.swift; sourceTree = "<group>"; };
		3346DB672BC026B2007F1A43 /* Assets.xcassets */ = {isa = PBXFileReference; lastKnownFileType = folder.assetcatalog; path = Assets.xcassets; sourceTree = "<group>"; };
		3346DB6C2BC026B2007F1A43 /* RecordPersistence.swift */ = {isa = PBXFileReference; lastKnownFileType = sourcecode.swift; path = RecordPersistence.swift; sourceTree = "<group>"; };
		3346DB6F2BC026B2007F1A43 /* g2048.xcdatamodel */ = {isa = PBXFileReference; lastKnownFileType = wrapper.xcdatamodel; path = g2048.xcdatamodel; sourceTree = "<group>"; };
		3346DB752BC026B3007F1A43 /* g2048Tests.xctest */ = {isa = PBXFileReference; explicitFileType = wrapper.cfbundle; includeInIndex = 0; path = g2048Tests.xctest; sourceTree = BUILT_PRODUCTS_DIR; };
		3346DB792BC026B3007F1A43 /* G2048ManagerTests.swift */ = {isa = PBXFileReference; lastKnownFileType = sourcecode.swift; path = G2048ManagerTests.swift; sourceTree = "<group>"; };
		3346DB7F2BC026B3007F1A43 /* g2048UITests.xctest */ = {isa = PBXFileReference; explicitFileType = wrapper.cfbundle; includeInIndex = 0; path = g2048UITests.xctest; sourceTree = BUILT_PRODUCTS_DIR; };
		3346DB832BC026B3007F1A43 /* MainMenuUITests.swift */ = {isa = PBXFileReference; lastKnownFileType = sourcecode.swift; path = MainMenuUITests.swift; sourceTree = "<group>"; };
		3346DB922BC0284C007F1A43 /* MenuView.swift */ = {isa = PBXFileReference; lastKnownFileType = sourcecode.swift; path = MenuView.swift; sourceTree = "<group>"; };
		3346DB942BC02C2F007F1A43 /* GameViewModel.swift */ = {isa = PBXFileReference; lastKnownFileType = sourcecode.swift; path = GameViewModel.swift; sourceTree = "<group>"; };
		3346DB962BC02C69007F1A43 /* BoardGameManager.swift */ = {isa = PBXFileReference; lastKnownFileType = sourcecode.swift; path = BoardGameManager.swift; sourceTree = "<group>"; };
		3365CE572BC150C600B8F226 /* CellView.swift */ = {isa = PBXFileReference; lastKnownFileType = sourcecode.swift; path = CellView.swift; sourceTree = "<group>"; };
		3365CE592BC15ECB00B8F226 /* BoardView.swift */ = {isa = PBXFileReference; lastKnownFileType = sourcecode.swift; path = BoardView.swift; sourceTree = "<group>"; };
		3368F80F2BC59EC60066C0BF /* RecordView.swift */ = {isa = PBXFileReference; lastKnownFileType = sourcecode.swift; path = RecordView.swift; sourceTree = "<group>"; };
		3368F8112BC5A5740066C0BF /* AppScene.swift */ = {isa = PBXFileReference; lastKnownFileType = sourcecode.swift; path = AppScene.swift; sourceTree = "<group>"; };
		3368F81A2BC6BCDA0066C0BF /* GameUITests.swift */ = {isa = PBXFileReference; lastKnownFileType = sourcecode.swift; path = GameUITests.swift; sourceTree = "<group>"; };
		33B273B42BC16D6F00984562 /* IntPair.swift */ = {isa = PBXFileReference; lastKnownFileType = sourcecode.swift; path = IntPair.swift; sourceTree = "<group>"; };
		33BB3A512BC0AE9100AED826 /* .swiftlint.yml */ = {isa = PBXFileReference; lastKnownFileType = text.yaml; path = .swiftlint.yml; sourceTree = "<group>"; };
		33BB3A532BC0AEE100AED826 /* README.MD */ = {isa = PBXFileReference; lastKnownFileType = net.daringfireball.markdown; path = README.MD; sourceTree = "<group>"; };
		33BB3A552BC0AF0B00AED826 /* LICENSE */ = {isa = PBXFileReference; lastKnownFileType = text; path = LICENSE; sourceTree = "<group>"; };
		33CF2EAF2BC4B2350013F0C8 /* SwipeViewModifier.swift */ = {isa = PBXFileReference; lastKnownFileType = sourcecode.swift; path = SwipeViewModifier.swift; sourceTree = "<group>"; };
/* End PBXFileReference section */

/* Begin PBXFrameworksBuildPhase section */
		3346DB5D2BC026AF007F1A43 /* Frameworks */ = {
			isa = PBXFrameworksBuildPhase;
			buildActionMask = 2147483647;
			files = (
			);
			runOnlyForDeploymentPostprocessing = 0;
		};
		3346DB722BC026B3007F1A43 /* Frameworks */ = {
			isa = PBXFrameworksBuildPhase;
			buildActionMask = 2147483647;
			files = (
			);
			runOnlyForDeploymentPostprocessing = 0;
		};
		3346DB7C2BC026B3007F1A43 /* Frameworks */ = {
			isa = PBXFrameworksBuildPhase;
			buildActionMask = 2147483647;
			files = (
			);
			runOnlyForDeploymentPostprocessing = 0;
		};
/* End PBXFrameworksBuildPhase section */

/* Begin PBXGroup section */
		3346DB572BC026AF007F1A43 = {
			isa = PBXGroup;
			children = (
				3346DB622BC026AF007F1A43 /* g2048 */,
				3346DB782BC026B3007F1A43 /* g2048Tests */,
				3346DB822BC026B3007F1A43 /* g2048UITests */,
				33BB3A552BC0AF0B00AED826 /* LICENSE */,
				33BB3A532BC0AEE100AED826 /* README.MD */,
				33BB3A512BC0AE9100AED826 /* .swiftlint.yml */,
				3346DB612BC026AF007F1A43 /* Products */,
			);
			sourceTree = "<group>";
		};
		3346DB612BC026AF007F1A43 /* Products */ = {
			isa = PBXGroup;
			children = (
				3346DB602BC026AF007F1A43 /* g2048.app */,
				3346DB752BC026B3007F1A43 /* g2048Tests.xctest */,
				3346DB7F2BC026B3007F1A43 /* g2048UITests.xctest */,
			);
			name = Products;
			sourceTree = "<group>";
		};
		3346DB622BC026AF007F1A43 /* g2048 */ = {
			isa = PBXGroup;
			children = (
				33BB3A4F2BC0AD2C00AED826 /* ViewModel */,
				33BB3A4E2BC0AD1500AED826 /* View */,
				33BB3A4D2BC0ACFC00AED826 /* Model */,
				3346DB632BC026AF007F1A43 /* g2048App.swift */,
				3346DB672BC026B2007F1A43 /* Assets.xcassets */,
				3346DB6E2BC026B2007F1A43 /* g2048.xcdatamodeld */,
			);
			path = g2048;
			sourceTree = "<group>";
		};
		3346DB782BC026B3007F1A43 /* g2048Tests */ = {
			isa = PBXGroup;
			children = (
				3346DB792BC026B3007F1A43 /* G2048ManagerTests.swift */,
			);
			path = g2048Tests;
			sourceTree = "<group>";
		};
		3346DB822BC026B3007F1A43 /* g2048UITests */ = {
			isa = PBXGroup;
			children = (
				3346DB832BC026B3007F1A43 /* MainMenuUITests.swift */,
				3368F81A2BC6BCDA0066C0BF /* GameUITests.swift */,
			);
			path = g2048UITests;
			sourceTree = "<group>";
		};
		3368F8132BC69AFA0066C0BF /* Game Managment */ = {
			isa = PBXGroup;
			children = (
				3346DB962BC02C69007F1A43 /* BoardGameManager.swift */,
				3328F4EA2BC4302B00CEB04B /* G2048Manager.swift */,
			);
			path = "Game Managment";
			sourceTree = "<group>";
		};
		3368F8142BC69B180066C0BF /* Persistency */ = {
			isa = PBXGroup;
			children = (
				3346DB6C2BC026B2007F1A43 /* RecordPersistence.swift */,
			);
			path = Persistency;
			sourceTree = "<group>";
		};
		3368F8152BC69B450066C0BF /* Utility */ = {
			isa = PBXGroup;
			children = (
				33B273B42BC16D6F00984562 /* IntPair.swift */,
				3368F8112BC5A5740066C0BF /* AppScene.swift */,
			);
			path = Utility;
			sourceTree = "<group>";
		};
		3368F8162BC69BC40066C0BF /* Game Screen */ = {
			isa = PBXGroup;
			children = (
				3365CE592BC15ECB00B8F226 /* BoardView.swift */,
				3365CE572BC150C600B8F226 /* CellView.swift */,
			);
			path = "Game Screen";
			sourceTree = "<group>";
		};
		3368F8172BC69BE80066C0BF /* Menu Screen */ = {
			isa = PBXGroup;
			children = (
				3346DB922BC0284C007F1A43 /* MenuView.swift */,
			);
			path = "Menu Screen";
			sourceTree = "<group>";
		};
		3368F8182BC69BF60066C0BF /* Record Screen */ = {
			isa = PBXGroup;
			children = (
				3368F80F2BC59EC60066C0BF /* RecordView.swift */,
			);
			path = "Record Screen";
			sourceTree = "<group>";
		};
		3368F8192BC69C060066C0BF /* View Modifiers */ = {
			isa = PBXGroup;
			children = (
				33CF2EAF2BC4B2350013F0C8 /* SwipeViewModifier.swift */,
			);
			path = "View Modifiers";
			sourceTree = "<group>";
		};
		33BB3A4D2BC0ACFC00AED826 /* Model */ = {
			isa = PBXGroup;
			children = (
				3368F8132BC69AFA0066C0BF /* Game Managment */,
				3368F8142BC69B180066C0BF /* Persistency */,
				3368F8152BC69B450066C0BF /* Utility */,
			);
			path = Model;
			sourceTree = "<group>";
		};
		33BB3A4E2BC0AD1500AED826 /* View */ = {
			isa = PBXGroup;
			children = (
				3368F8162BC69BC40066C0BF /* Game Screen */,
				3368F8172BC69BE80066C0BF /* Menu Screen */,
				3368F8182BC69BF60066C0BF /* Record Screen */,
				3368F8192BC69C060066C0BF /* View Modifiers */,
			);
			path = View;
			sourceTree = "<group>";
		};
		33BB3A4F2BC0AD2C00AED826 /* ViewModel */ = {
			isa = PBXGroup;
			children = (
				3346DB942BC02C2F007F1A43 /* GameViewModel.swift */,
			);
			path = ViewModel;
			sourceTree = "<group>";
		};
/* End PBXGroup section */

/* Begin PBXNativeTarget section */
		3346DB5F2BC026AF007F1A43 /* g2048 */ = {
			isa = PBXNativeTarget;
			buildConfigurationList = 3346DB892BC026B3007F1A43 /* Build configuration list for PBXNativeTarget "g2048" */;
			buildPhases = (
				3346DB5C2BC026AF007F1A43 /* Sources */,
				3346DB5D2BC026AF007F1A43 /* Frameworks */,
				3346DB5E2BC026AF007F1A43 /* Resources */,
				33BB3A572BC0AF4700AED826 /* Linter */,
			);
			buildRules = (
			);
			dependencies = (
			);
			name = g2048;
			productName = g2048;
			productReference = 3346DB602BC026AF007F1A43 /* g2048.app */;
			productType = "com.apple.product-type.application";
		};
		3346DB742BC026B3007F1A43 /* g2048Tests */ = {
			isa = PBXNativeTarget;
			buildConfigurationList = 3346DB8C2BC026B3007F1A43 /* Build configuration list for PBXNativeTarget "g2048Tests" */;
			buildPhases = (
				3346DB712BC026B3007F1A43 /* Sources */,
				3346DB722BC026B3007F1A43 /* Frameworks */,
				3346DB732BC026B3007F1A43 /* Resources */,
			);
			buildRules = (
			);
			dependencies = (
				3346DB772BC026B3007F1A43 /* PBXTargetDependency */,
			);
			name = g2048Tests;
			productName = g2048Tests;
			productReference = 3346DB752BC026B3007F1A43 /* g2048Tests.xctest */;
			productType = "com.apple.product-type.bundle.unit-test";
		};
		3346DB7E2BC026B3007F1A43 /* g2048UITests */ = {
			isa = PBXNativeTarget;
			buildConfigurationList = 3346DB8F2BC026B3007F1A43 /* Build configuration list for PBXNativeTarget "g2048UITests" */;
			buildPhases = (
				3346DB7B2BC026B3007F1A43 /* Sources */,
				3346DB7C2BC026B3007F1A43 /* Frameworks */,
				3346DB7D2BC026B3007F1A43 /* Resources */,
			);
			buildRules = (
			);
			dependencies = (
				3346DB812BC026B3007F1A43 /* PBXTargetDependency */,
			);
			name = g2048UITests;
			productName = g2048UITests;
			productReference = 3346DB7F2BC026B3007F1A43 /* g2048UITests.xctest */;
			productType = "com.apple.product-type.bundle.ui-testing";
		};
/* End PBXNativeTarget section */

/* Begin PBXProject section */
		3346DB582BC026AF007F1A43 /* Project object */ = {
			isa = PBXProject;
			attributes = {
				BuildIndependentTargetsInParallel = 1;
				LastSwiftUpdateCheck = 1410;
				LastUpgradeCheck = 1410;
				TargetAttributes = {
					3346DB5F2BC026AF007F1A43 = {
						CreatedOnToolsVersion = 14.1;
					};
					3346DB742BC026B3007F1A43 = {
						CreatedOnToolsVersion = 14.1;
						TestTargetID = 3346DB5F2BC026AF007F1A43;
					};
					3346DB7E2BC026B3007F1A43 = {
						CreatedOnToolsVersion = 14.1;
						TestTargetID = 3346DB5F2BC026AF007F1A43;
					};
				};
			};
			buildConfigurationList = 3346DB5B2BC026AF007F1A43 /* Build configuration list for PBXProject "g2048" */;
			compatibilityVersion = "Xcode 14.0";
			developmentRegion = en;
			hasScannedForEncodings = 0;
			knownRegions = (
				en,
				Base,
			);
			mainGroup = 3346DB572BC026AF007F1A43;
			productRefGroup = 3346DB612BC026AF007F1A43 /* Products */;
			projectDirPath = "";
			projectRoot = "";
			targets = (
				3346DB5F2BC026AF007F1A43 /* g2048 */,
				3346DB742BC026B3007F1A43 /* g2048Tests */,
				3346DB7E2BC026B3007F1A43 /* g2048UITests */,
			);
		};
/* End PBXProject section */

/* Begin PBXResourcesBuildPhase section */
		3346DB5E2BC026AF007F1A43 /* Resources */ = {
			isa = PBXResourcesBuildPhase;
			buildActionMask = 2147483647;
			files = (
				33BB3A522BC0AE9100AED826 /* .swiftlint.yml in Resources */,
				33BB3A542BC0AEE100AED826 /* README.MD in Resources */,
				3346DB682BC026B2007F1A43 /* Assets.xcassets in Resources */,
				33BB3A562BC0AF0B00AED826 /* LICENSE in Resources */,
			);
			runOnlyForDeploymentPostprocessing = 0;
		};
		3346DB732BC026B3007F1A43 /* Resources */ = {
			isa = PBXResourcesBuildPhase;
			buildActionMask = 2147483647;
			files = (
			);
			runOnlyForDeploymentPostprocessing = 0;
		};
		3346DB7D2BC026B3007F1A43 /* Resources */ = {
			isa = PBXResourcesBuildPhase;
			buildActionMask = 2147483647;
			files = (
			);
			runOnlyForDeploymentPostprocessing = 0;
		};
/* End PBXResourcesBuildPhase section */

/* Begin PBXShellScriptBuildPhase section */
		33BB3A572BC0AF4700AED826 /* Linter */ = {
			isa = PBXShellScriptBuildPhase;
			alwaysOutOfDate = 1;
			buildActionMask = 2147483647;
			files = (
			);
			inputFileListPaths = (
			);
			inputPaths = (
			);
			name = Linter;
			outputFileListPaths = (
			);
			outputPaths = (
			);
			runOnlyForDeploymentPostprocessing = 0;
			shellPath = /bin/sh;
			shellScript = "export PATH=\"$PATH:/opt/homebrew/bin\"\n\nif which swiftlint >/dev/null; then\n    swiftlint\nelse\n    echo \"warning: SwiftLint not installed, download from https://github.com/realm/SwiftLint\"\nfi\n";
		};
/* End PBXShellScriptBuildPhase section */

/* Begin PBXSourcesBuildPhase section */
		3346DB5C2BC026AF007F1A43 /* Sources */ = {
			isa = PBXSourcesBuildPhase;
			buildActionMask = 2147483647;
			files = (
				33CF2EB02BC4B2350013F0C8 /* SwipeViewModifier.swift in Sources */,
				3346DB6D2BC026B2007F1A43 /* RecordPersistence.swift in Sources */,
				3346DB642BC026AF007F1A43 /* g2048App.swift in Sources */,
				3346DB972BC02C69007F1A43 /* BoardGameManager.swift in Sources */,
				3346DB702BC026B2007F1A43 /* g2048.xcdatamodeld in Sources */,
				3346DB952BC02C2F007F1A43 /* GameViewModel.swift in Sources */,
				3368F8102BC59EC60066C0BF /* RecordView.swift in Sources */,
				33B273B52BC16D6F00984562 /* IntPair.swift in Sources */,
				3365CE5A2BC15ECB00B8F226 /* BoardView.swift in Sources */,
				3328F4EB2BC4302B00CEB04B /* G2048Manager.swift in Sources */,
				3346DB932BC0284C007F1A43 /* MenuView.swift in Sources */,
				3365CE582BC150C600B8F226 /* CellView.swift in Sources */,
				3368F8122BC5A5740066C0BF /* AppScene.swift in Sources */,
			);
			runOnlyForDeploymentPostprocessing = 0;
		};
		3346DB712BC026B3007F1A43 /* Sources */ = {
			isa = PBXSourcesBuildPhase;
			buildActionMask = 2147483647;
			files = (
				3346DB7A2BC026B3007F1A43 /* G2048ManagerTests.swift in Sources */,
			);
			runOnlyForDeploymentPostprocessing = 0;
		};
		3346DB7B2BC026B3007F1A43 /* Sources */ = {
			isa = PBXSourcesBuildPhase;
			buildActionMask = 2147483647;
			files = (
				3346DB842BC026B3007F1A43 /* MainMenuUITests.swift in Sources */,
				3368F81B2BC6BCDA0066C0BF /* GameUITests.swift in Sources */,
			);
			runOnlyForDeploymentPostprocessing = 0;
		};
/* End PBXSourcesBuildPhase section */

/* Begin PBXTargetDependency section */
		3346DB772BC026B3007F1A43 /* PBXTargetDependency */ = {
			isa = PBXTargetDependency;
			target = 3346DB5F2BC026AF007F1A43 /* g2048 */;
			targetProxy = 3346DB762BC026B3007F1A43 /* PBXContainerItemProxy */;
		};
		3346DB812BC026B3007F1A43 /* PBXTargetDependency */ = {
			isa = PBXTargetDependency;
			target = 3346DB5F2BC026AF007F1A43 /* g2048 */;
			targetProxy = 3346DB802BC026B3007F1A43 /* PBXContainerItemProxy */;
		};
/* End PBXTargetDependency section */

/* Begin XCBuildConfiguration section */
		3346DB872BC026B3007F1A43 /* Debug */ = {
			isa = XCBuildConfiguration;
			buildSettings = {
				ALWAYS_SEARCH_USER_PATHS = NO;
				CLANG_ANALYZER_NONNULL = YES;
				CLANG_ANALYZER_NUMBER_OBJECT_CONVERSION = YES_AGGRESSIVE;
				CLANG_CXX_LANGUAGE_STANDARD = "gnu++20";
				CLANG_ENABLE_MODULES = YES;
				CLANG_ENABLE_OBJC_ARC = YES;
				CLANG_ENABLE_OBJC_WEAK = YES;
				CLANG_WARN_BLOCK_CAPTURE_AUTORELEASING = YES;
				CLANG_WARN_BOOL_CONVERSION = YES;
				CLANG_WARN_COMMA = YES;
				CLANG_WARN_CONSTANT_CONVERSION = YES;
				CLANG_WARN_DEPRECATED_OBJC_IMPLEMENTATIONS = YES;
				CLANG_WARN_DIRECT_OBJC_ISA_USAGE = YES_ERROR;
				CLANG_WARN_DOCUMENTATION_COMMENTS = YES;
				CLANG_WARN_EMPTY_BODY = YES;
				CLANG_WARN_ENUM_CONVERSION = YES;
				CLANG_WARN_INFINITE_RECURSION = YES;
				CLANG_WARN_INT_CONVERSION = YES;
				CLANG_WARN_NON_LITERAL_NULL_CONVERSION = YES;
				CLANG_WARN_OBJC_IMPLICIT_RETAIN_SELF = YES;
				CLANG_WARN_OBJC_LITERAL_CONVERSION = YES;
				CLANG_WARN_OBJC_ROOT_CLASS = YES_ERROR;
				CLANG_WARN_QUOTED_INCLUDE_IN_FRAMEWORK_HEADER = YES;
				CLANG_WARN_RANGE_LOOP_ANALYSIS = YES;
				CLANG_WARN_STRICT_PROTOTYPES = YES;
				CLANG_WARN_SUSPICIOUS_MOVE = YES;
				CLANG_WARN_UNGUARDED_AVAILABILITY = YES_AGGRESSIVE;
				CLANG_WARN_UNREACHABLE_CODE = YES;
				CLANG_WARN__DUPLICATE_METHOD_MATCH = YES;
				COPY_PHASE_STRIP = NO;
				DEBUG_INFORMATION_FORMAT = dwarf;
				ENABLE_STRICT_OBJC_MSGSEND = YES;
				ENABLE_TESTABILITY = YES;
				GCC_C_LANGUAGE_STANDARD = gnu11;
				GCC_DYNAMIC_NO_PIC = NO;
				GCC_NO_COMMON_BLOCKS = YES;
				GCC_OPTIMIZATION_LEVEL = 0;
				GCC_PREPROCESSOR_DEFINITIONS = (
					"DEBUG=1",
					"$(inherited)",
				);
				GCC_WARN_64_TO_32_BIT_CONVERSION = YES;
				GCC_WARN_ABOUT_RETURN_TYPE = YES_ERROR;
				GCC_WARN_UNDECLARED_SELECTOR = YES;
				GCC_WARN_UNINITIALIZED_AUTOS = YES_AGGRESSIVE;
				GCC_WARN_UNUSED_FUNCTION = YES;
				GCC_WARN_UNUSED_VARIABLE = YES;
				IPHONEOS_DEPLOYMENT_TARGET = 16.1;
				MTL_ENABLE_DEBUG_INFO = INCLUDE_SOURCE;
				MTL_FAST_MATH = YES;
				ONLY_ACTIVE_ARCH = YES;
				SDKROOT = iphoneos;
				SWIFT_ACTIVE_COMPILATION_CONDITIONS = DEBUG;
				SWIFT_OPTIMIZATION_LEVEL = "-Onone";
			};
			name = Debug;
		};
		3346DB882BC026B3007F1A43 /* Release */ = {
			isa = XCBuildConfiguration;
			buildSettings = {
				ALWAYS_SEARCH_USER_PATHS = NO;
				CLANG_ANALYZER_NONNULL = YES;
				CLANG_ANALYZER_NUMBER_OBJECT_CONVERSION = YES_AGGRESSIVE;
				CLANG_CXX_LANGUAGE_STANDARD = "gnu++20";
				CLANG_ENABLE_MODULES = YES;
				CLANG_ENABLE_OBJC_ARC = YES;
				CLANG_ENABLE_OBJC_WEAK = YES;
				CLANG_WARN_BLOCK_CAPTURE_AUTORELEASING = YES;
				CLANG_WARN_BOOL_CONVERSION = YES;
				CLANG_WARN_COMMA = YES;
				CLANG_WARN_CONSTANT_CONVERSION = YES;
				CLANG_WARN_DEPRECATED_OBJC_IMPLEMENTATIONS = YES;
				CLANG_WARN_DIRECT_OBJC_ISA_USAGE = YES_ERROR;
				CLANG_WARN_DOCUMENTATION_COMMENTS = YES;
				CLANG_WARN_EMPTY_BODY = YES;
				CLANG_WARN_ENUM_CONVERSION = YES;
				CLANG_WARN_INFINITE_RECURSION = YES;
				CLANG_WARN_INT_CONVERSION = YES;
				CLANG_WARN_NON_LITERAL_NULL_CONVERSION = YES;
				CLANG_WARN_OBJC_IMPLICIT_RETAIN_SELF = YES;
				CLANG_WARN_OBJC_LITERAL_CONVERSION = YES;
				CLANG_WARN_OBJC_ROOT_CLASS = YES_ERROR;
				CLANG_WARN_QUOTED_INCLUDE_IN_FRAMEWORK_HEADER = YES;
				CLANG_WARN_RANGE_LOOP_ANALYSIS = YES;
				CLANG_WARN_STRICT_PROTOTYPES = YES;
				CLANG_WARN_SUSPICIOUS_MOVE = YES;
				CLANG_WARN_UNGUARDED_AVAILABILITY = YES_AGGRESSIVE;
				CLANG_WARN_UNREACHABLE_CODE = YES;
				CLANG_WARN__DUPLICATE_METHOD_MATCH = YES;
				COPY_PHASE_STRIP = NO;
				DEBUG_INFORMATION_FORMAT = "dwarf-with-dsym";
				ENABLE_NS_ASSERTIONS = NO;
				ENABLE_STRICT_OBJC_MSGSEND = YES;
				GCC_C_LANGUAGE_STANDARD = gnu11;
				GCC_NO_COMMON_BLOCKS = YES;
				GCC_WARN_64_TO_32_BIT_CONVERSION = YES;
				GCC_WARN_ABOUT_RETURN_TYPE = YES_ERROR;
				GCC_WARN_UNDECLARED_SELECTOR = YES;
				GCC_WARN_UNINITIALIZED_AUTOS = YES_AGGRESSIVE;
				GCC_WARN_UNUSED_FUNCTION = YES;
				GCC_WARN_UNUSED_VARIABLE = YES;
				IPHONEOS_DEPLOYMENT_TARGET = 16.1;
				MTL_ENABLE_DEBUG_INFO = NO;
				MTL_FAST_MATH = YES;
				SDKROOT = iphoneos;
				SWIFT_COMPILATION_MODE = wholemodule;
				SWIFT_OPTIMIZATION_LEVEL = "-O";
				VALIDATE_PRODUCT = YES;
			};
			name = Release;
		};
		3346DB8A2BC026B3007F1A43 /* Debug */ = {
			isa = XCBuildConfiguration;
			buildSettings = {
				ASSETCATALOG_COMPILER_APPICON_NAME = AppIcon;
				ASSETCATALOG_COMPILER_GLOBAL_ACCENT_COLOR_NAME = AccentColor;
				CODE_SIGN_STYLE = Automatic;
				CURRENT_PROJECT_VERSION = 1;
				DEVELOPMENT_TEAM = W6HHBUW4D9;
				ENABLE_PREVIEWS = YES;
				GENERATE_INFOPLIST_FILE = YES;
				INFOPLIST_KEY_LSApplicationCategoryType = "public.app-category.arcade-games";
				INFOPLIST_KEY_UIApplicationSceneManifest_Generation = YES;
				INFOPLIST_KEY_UIApplicationSupportsIndirectInputEvents = YES;
				INFOPLIST_KEY_UILaunchScreen_Generation = YES;
				INFOPLIST_KEY_UISupportedInterfaceOrientations = UIInterfaceOrientationPortrait;
				INFOPLIST_KEY_UISupportedInterfaceOrientations_iPad = "UIInterfaceOrientationLandscapeLeft UIInterfaceOrientationLandscapeRight UIInterfaceOrientationPortrait";
				LD_RUNPATH_SEARCH_PATHS = (
					"$(inherited)",
					"@executable_path/Frameworks",
				);
				MARKETING_VERSION = 1.0;
				PRODUCT_BUNDLE_IDENTIFIER = com.github.h1yoke.g2048;
				PRODUCT_NAME = "$(TARGET_NAME)";
				SWIFT_EMIT_LOC_STRINGS = YES;
				SWIFT_VERSION = 5.0;
				TARGETED_DEVICE_FAMILY = "1,2";
			};
			name = Debug;
		};
		3346DB8B2BC026B3007F1A43 /* Release */ = {
			isa = XCBuildConfiguration;
			buildSettings = {
				ASSETCATALOG_COMPILER_APPICON_NAME = AppIcon;
				ASSETCATALOG_COMPILER_GLOBAL_ACCENT_COLOR_NAME = AccentColor;
				CODE_SIGN_STYLE = Automatic;
				CURRENT_PROJECT_VERSION = 1;
				DEVELOPMENT_TEAM = W6HHBUW4D9;
				ENABLE_PREVIEWS = YES;
				GENERATE_INFOPLIST_FILE = YES;
				INFOPLIST_KEY_LSApplicationCategoryType = "public.app-category.arcade-games";
				INFOPLIST_KEY_UIApplicationSceneManifest_Generation = YES;
				INFOPLIST_KEY_UIApplicationSupportsIndirectInputEvents = YES;
				INFOPLIST_KEY_UILaunchScreen_Generation = YES;
				INFOPLIST_KEY_UISupportedInterfaceOrientations = UIInterfaceOrientationPortrait;
				INFOPLIST_KEY_UISupportedInterfaceOrientations_iPad = "UIInterfaceOrientationLandscapeLeft UIInterfaceOrientationLandscapeRight UIInterfaceOrientationPortrait";
				LD_RUNPATH_SEARCH_PATHS = (
					"$(inherited)",
					"@executable_path/Frameworks",
				);
				MARKETING_VERSION = 1.0;
				PRODUCT_BUNDLE_IDENTIFIER = com.github.h1yoke.g2048;
				PRODUCT_NAME = "$(TARGET_NAME)";
				SWIFT_EMIT_LOC_STRINGS = YES;
				SWIFT_VERSION = 5.0;
				TARGETED_DEVICE_FAMILY = "1,2";
			};
			name = Release;
		};
		3346DB8D2BC026B3007F1A43 /* Debug */ = {
			isa = XCBuildConfiguration;
			buildSettings = {
				ALWAYS_EMBED_SWIFT_STANDARD_LIBRARIES = YES;
				BUNDLE_LOADER = "$(TEST_HOST)";
				CODE_SIGN_STYLE = Automatic;
				CURRENT_PROJECT_VERSION = 1;
				DEVELOPMENT_TEAM = W6HHBUW4D9;
				GENERATE_INFOPLIST_FILE = YES;
				IPHONEOS_DEPLOYMENT_TARGET = 16.1;
				MARKETING_VERSION = 1.0;
				PRODUCT_BUNDLE_IDENTIFIER = com.github.h1yoke.g2048Tests;
				PRODUCT_NAME = "$(TARGET_NAME)";
				SWIFT_EMIT_LOC_STRINGS = NO;
				SWIFT_VERSION = 5.0;
				TARGETED_DEVICE_FAMILY = "1,2";
				TEST_HOST = "$(BUILT_PRODUCTS_DIR)/g2048.app/$(BUNDLE_EXECUTABLE_FOLDER_PATH)/g2048";
			};
			name = Debug;
		};
		3346DB8E2BC026B3007F1A43 /* Release */ = {
			isa = XCBuildConfiguration;
			buildSettings = {
				ALWAYS_EMBED_SWIFT_STANDARD_LIBRARIES = YES;
				BUNDLE_LOADER = "$(TEST_HOST)";
				CODE_SIGN_STYLE = Automatic;
				CURRENT_PROJECT_VERSION = 1;
				DEVELOPMENT_TEAM = W6HHBUW4D9;
				GENERATE_INFOPLIST_FILE = YES;
				IPHONEOS_DEPLOYMENT_TARGET = 16.1;
				MARKETING_VERSION = 1.0;
				PRODUCT_BUNDLE_IDENTIFIER = com.github.h1yoke.g2048Tests;
				PRODUCT_NAME = "$(TARGET_NAME)";
				SWIFT_EMIT_LOC_STRINGS = NO;
				SWIFT_VERSION = 5.0;
				TARGETED_DEVICE_FAMILY = "1,2";
				TEST_HOST = "$(BUILT_PRODUCTS_DIR)/g2048.app/$(BUNDLE_EXECUTABLE_FOLDER_PATH)/g2048";
			};
			name = Release;
		};
		3346DB902BC026B3007F1A43 /* Debug */ = {
			isa = XCBuildConfiguration;
			buildSettings = {
				ALWAYS_EMBED_SWIFT_STANDARD_LIBRARIES = YES;
				CODE_SIGN_STYLE = Automatic;
				CURRENT_PROJECT_VERSION = 1;
				DEVELOPMENT_TEAM = W6HHBUW4D9;
				GENERATE_INFOPLIST_FILE = YES;
				MARKETING_VERSION = 1.0;
				PRODUCT_BUNDLE_IDENTIFIER = com.github.h1yoke.g2048UITests;
				PRODUCT_NAME = "$(TARGET_NAME)";
				SWIFT_EMIT_LOC_STRINGS = NO;
				SWIFT_VERSION = 5.0;
				TARGETED_DEVICE_FAMILY = "1,2";
				TEST_TARGET_NAME = g2048;
			};
			name = Debug;
		};
		3346DB912BC026B3007F1A43 /* Release */ = {
			isa = XCBuildConfiguration;
			buildSettings = {
				ALWAYS_EMBED_SWIFT_STANDARD_LIBRARIES = YES;
				CODE_SIGN_STYLE = Automatic;
				CURRENT_PROJECT_VERSION = 1;
				DEVELOPMENT_TEAM = W6HHBUW4D9;
				GENERATE_INFOPLIST_FILE = YES;
				MARKETING_VERSION = 1.0;
				PRODUCT_BUNDLE_IDENTIFIER = com.github.h1yoke.g2048UITests;
				PRODUCT_NAME = "$(TARGET_NAME)";
				SWIFT_EMIT_LOC_STRINGS = NO;
				SWIFT_VERSION = 5.0;
				TARGETED_DEVICE_FAMILY = "1,2";
				TEST_TARGET_NAME = g2048;
			};
			name = Release;
		};
/* End XCBuildConfiguration section */

/* Begin XCConfigurationList section */
		3346DB5B2BC026AF007F1A43 /* Build configuration list for PBXProject "g2048" */ = {
			isa = XCConfigurationList;
			buildConfigurations = (
				3346DB872BC026B3007F1A43 /* Debug */,
				3346DB882BC026B3007F1A43 /* Release */,
			);
			defaultConfigurationIsVisible = 0;
			defaultConfigurationName = Release;
		};
		3346DB892BC026B3007F1A43 /* Build configuration list for PBXNativeTarget "g2048" */ = {
			isa = XCConfigurationList;
			buildConfigurations = (
				3346DB8A2BC026B3007F1A43 /* Debug */,
				3346DB8B2BC026B3007F1A43 /* Release */,
			);
			defaultConfigurationIsVisible = 0;
			defaultConfigurationName = Release;
		};
		3346DB8C2BC026B3007F1A43 /* Build configuration list for PBXNativeTarget "g2048Tests" */ = {
			isa = XCConfigurationList;
			buildConfigurations = (
				3346DB8D2BC026B3007F1A43 /* Debug */,
				3346DB8E2BC026B3007F1A43 /* Release */,
			);
			defaultConfigurationIsVisible = 0;
			defaultConfigurationName = Release;
		};
		3346DB8F2BC026B3007F1A43 /* Build configuration list for PBXNativeTarget "g2048UITests" */ = {
			isa = XCConfigurationList;
			buildConfigurations = (
				3346DB902BC026B3007F1A43 /* Debug */,
				3346DB912BC026B3007F1A43 /* Release */,
			);
			defaultConfigurationIsVisible = 0;
			defaultConfigurationName = Release;
		};
/* End XCConfigurationList section */

/* Begin XCVersionGroup section */
		3346DB6E2BC026B2007F1A43 /* g2048.xcdatamodeld */ = {
			isa = XCVersionGroup;
			children = (
				3346DB6F2BC026B2007F1A43 /* g2048.xcdatamodel */,
			);
			currentVersion = 3346DB6F2BC026B2007F1A43 /* g2048.xcdatamodel */;
			path = g2048.xcdatamodeld;
			sourceTree = "<group>";
			versionGroupType = wrapper.xcdatamodel;
		};
/* End XCVersionGroup section */
	};
	rootObject = 3346DB582BC026AF007F1A43 /* Project object */;
}
